
Microsoft Visual Studio Solution File, Format Version 12.00
# Visual Studio Version 17
VisualStudioVersion = 17.8.34330.188
MinimumVisualStudioVersion = 10.0.40219.1
Project("{FAE04EC0-301F-11D3-BF4B-00C04F79EFBC}") = "Lab06_TH01", "Lab06\Lab06_TH01.csproj", "{06308756-7B35-4171-9693-C5C3AD3078B9}"
EndProject
Project("{FAE04EC0-301F-11D3-BF4B-00C04F79EFBC}") = "Lab6_TH02", "Lab6_TH02\Lab6_TH02.csproj", "{B745E2F7-205C-4E2B-9266-354ED24B68A3}"
EndProject
Project("{FAE04EC0-301F-11D3-BF4B-00C04F79EFBC}") = "Lab06_TH03", "Lab06_TH03\Lab06_TH03.csproj", "{3A220A0B-2793-43BC-986C-07C4AA46AB53}"
EndProject
Project("{FAE04EC0-301F-11D3-BF4B-00C04F79EFBC}") = "Lab06_BT01", "Lab06_BT01\Lab06_BT01.csproj", "{E89D5888-6380-4B67-A71A-A7ADB52B09D5}"
EndProject
Global
	GlobalSection(SolutionConfigurationPlatforms) = preSolution
		Debug|Any CPU = Debug|Any CPU
		Release|Any CPU = Release|Any CPU
	EndGlobalSection
	GlobalSection(ProjectConfigurationPlatforms) = postSolution
		{06308756-7B35-4171-9693-C5C3AD3078B9}.Debug|Any CPU.ActiveCfg = Debug|Any CPU
		{06308756-7B35-4171-9693-C5C3AD3078B9}.Debug|Any CPU.Build.0 = Debug|Any CPU
		{06308756-7B35-4171-9693-C5C3AD3078B9}.Release|Any CPU.ActiveCfg = Release|Any CPU
		{06308756-7B35-4171-9693-C5C3AD3078B9}.Release|Any CPU.Build.0 = Release|Any CPU
		{B745E2F7-205C-4E2B-9266-354ED24B68A3}.Debug|Any CPU.ActiveCfg = Debug|Any CPU
		{B745E2F7-205C-4E2B-9266-354ED24B68A3}.Debug|Any CPU.Build.0 = Debug|Any CPU
		{B745E2F7-205C-4E2B-9266-354ED24B68A3}.Release|Any CPU.ActiveCfg = Release|Any CPU
		{B745E2F7-205C-4E2B-9266-354ED24B68A3}.Release|Any CPU.Build.0 = Release|Any CPU
		{3A220A0B-2793-43BC-986C-07C4AA46AB53}.Debug|Any CPU.ActiveCfg = Debug|Any CPU
		{3A220A0B-2793-43BC-986C-07C4AA46AB53}.Debug|Any CPU.Build.0 = Debug|Any CPU
		{3A220A0B-2793-43BC-986C-07C4AA46AB53}.Release|Any CPU.ActiveCfg = Release|Any CPU
		{3A220A0B-2793-43BC-986C-07C4AA46AB53}.Release|Any CPU.Build.0 = Release|Any CPU
		{E89D5888-6380-4B67-A71A-A7ADB52B09D5}.Debug|Any CPU.ActiveCfg = Debug|Any CPU
		{E89D5888-6380-4B67-A71A-A7ADB52B09D5}.Debug|Any CPU.Build.0 = Debug|Any CPU
		{E89D5888-6380-4B67-A71A-A7ADB52B09D5}.Release|Any CPU.ActiveCfg = Release|Any CPU
		{E89D5888-6380-4B67-A71A-A7ADB52B09D5}.Release|Any CPU.Build.0 = Release|Any CPU
	EndGlobalSection
	GlobalSection(SolutionProperties) = preSolution
		HideSolutionNode = FALSE
	EndGlobalSection
	GlobalSection(ExtensibilityGlobals) = postSolution
		SolutionGuid = {5685E9D8-6B4F-4510-B54F-86E63AAC6BC9}
	EndGlobalSection
EndGlobal
